{
  "name": "auth---mern",
  "version": "1.0.0",
  "lockfileVersion": 3,
  "requires": true,
  "packages": {
    "": {
      "name": "auth---mern",
      "version": "1.0.0",
      "license": "ISC",
      "dependencies": {
        "fantastical": "^2.0.1"
      }
    },
    "node_modules/fantastical": {
      "version": "2.0.1",
      "resolved": "https://registry.npmjs.org/fantastical/-/fantastical-2.0.1.tgz",
      "integrity": "sha512-Ef/PZdEV02GMcsY8VcQJeq+OODoQ3hUXMnDU7BV7drTtE1ZwHMiucOtDlE0uY6NzKlW3Fdlv1Bw51Pl9vrMGEQ==",
      "license": "MIT",
      "dependencies": {
        "lodash.capitalize": "^4.2.1",
        "lodash.endswith": "^4.2.1",
        "lodash.includes": "^4.3.0",
        "lodash.sample": "^4.2.1"
      },
      "engines": {
        "node": ">= 7.0.0"
      }
    },
    "node_modules/lodash.capitalize": {
      "version": "4.2.1",
      "resolved": "https://registry.npmjs.org/lodash.capitalize/-/lodash.capitalize-4.2.1.tgz",
      "integrity": "sha512-kZzYOKspf8XVX5AvmQF94gQW0lejFVgb80G85bU4ZWzoJ6C03PQg3coYAUpSTpQWelrZELd3XWgHzw4Ck5kaIw==",
      "license": "MIT"
    },
    "node_modules/lodash.endswith": {
      "version": "4.2.1",
      "resolved": "https://registry.npmjs.org/lodash.endswith/-/lodash.endswith-4.2.1.tgz",
      "integrity": "sha512-pegckn1D2ohyUKt7OHrp7GpJVNnndjE+FpzULQ0pjQvbjdktdWGmKVth5wdSYWHzQSZA7OSGbIo0/AuwTeX1pA==",
      "license": "MIT"
    },
    "node_modules/lodash.includes": {
      "version": "4.3.0",
      "resolved": "https://registry.npmjs.org/lodash.includes/-/lodash.includes-4.3.0.tgz",
      "integrity": "sha512-W3Bx6mdkRTGtlJISOvVD/lbqjTlPPUDTMnlXZFnVwi9NKJ6tiAk6LVdlhZMm17VZisqhKcgzpO5Wz91PCt5b0w==",
      "license": "MIT"
    },
    "node_modules/lodash.sample": {
      "version": "4.2.1",
      "resolved": "https://registry.npmjs.org/lodash.sample/-/lodash.sample-4.2.1.tgz",
      "integrity": "sha512-odCZufa8jYDBZQ+JOSePWRs+iApPdvIp3qAiKc9F22RdSCMLuUu60Jvgs2M6qMisKAeBZoumAkqDiGr9HDym/Q==",
      "license": "MIT"
    }
  }
}
